// !$*UTF8*$!
{
	archiveVersion = 1;
	classes = {
	};
	objectVersion = 46;
	objects = {

/* Begin PBXBuildFile section */
		F5F61B961E941C6A00265895 /* AppDelegate.swift in Sources */ = {isa = PBXBuildFile; fileRef = F5F61B951E941C6A00265895 /* AppDelegate.swift */; };
		F5F61B981E941C6A00265895 /* ViewController.swift in Sources */ = {isa = PBXBuildFile; fileRef = F5F61B971E941C6A00265895 /* ViewController.swift */; };
		F5F61B9B1E941C6A00265895 /* Main.storyboard in Resources */ = {isa = PBXBuildFile; fileRef = F5F61B991E941C6A00265895 /* Main.storyboard */; };
		F5F61B9E1E941C6A00265895 /* RestaurantFinder.xcdatamodeld in Sources */ = {isa = PBXBuildFile; fileRef = F5F61B9C1E941C6A00265895 /* RestaurantFinder.xcdatamodeld */; };
		F5F61BA01E941C6B00265895 /* Assets.xcassets in Resources */ = {isa = PBXBuildFile; fileRef = F5F61B9F1E941C6B00265895 /* Assets.xcassets */; };
		F5F61BA31E941C6B00265895 /* LaunchScreen.storyboard in Resources */ = {isa = PBXBuildFile; fileRef = F5F61BA11E941C6B00265895 /* LaunchScreen.storyboard */; };
/* End PBXBuildFile section */

/* Begin PBXFileReference section */
		F5F61B921E941C6A00265895 /* RestaurantFinder.app */ = {isa = PBXFileReference; explicitFileType = wrapper.application; includeInIndex = 0; path = RestaurantFinder.app; sourceTree = BUILT_PRODUCTS_DIR; };
		F5F61B951E941C6A00265895 /* AppDelegate.swift */ = {isa = PBXFileReference; lastKnownFileType = sourcecode.swift; path = AppDelegate.swift; sourceTree = "<group>"; };
		F5F61B971E941C6A00265895 /* ViewController.swift */ = {isa = PBXFileReference; lastKnownFileType = sourcecode.swift; path = ViewController.swift; sourceTree = "<group>"; };
		F5F61B9A1E941C6A00265895 /* Base */ = {isa = PBXFileReference; lastKnownFileType = file.storyboard; name = Base; path = Base.lproj/Main.storyboard; sourceTree = "<group>"; };
		F5F61B9D1E941C6A00265895 /* RestaurantFinder.xcdatamodel */ = {isa = PBXFileReference; lastKnownFileType = wrapper.xcdatamodel; path = RestaurantFinder.xcdatamodel; sourceTree = "<group>"; };
		F5F61B9F1E941C6B00265895 /* Assets.xcassets */ = {isa = PBXFileReference; lastKnownFileType = folder.assetcatalog; path = Assets.xcassets; sourceTree = "<group>"; };
		F5F61BA21E941C6B00265895 /* Base */ = {isa = PBXFileReference; lastKnownFileType = file.storyboard; name = Base; path = Base.lproj/LaunchScreen.storyboard; sourceTree = "<group>"; };
		F5F61BA41E941C6B00265895 /* Info.plist */ = {isa = PBXFileReference; lastKnownFileType = text.plist.xml; path = Info.plist; sourceTree = "<group>"; };
/* End PBXFileReference section */

/* Begin PBXFrameworksBuildPhase section */
		F5F61B8F1E941C6A00265895 /* Frameworks */ = {
			isa = PBXFrameworksBuildPhase;
			buildActionMask = 2147483647;
			files = (
			);
			runOnlyForDeploymentPostprocessing = 0;
		};
/* End PBXFrameworksBuildPhase section */

/* Begin PBXGroup section */
		F5F61B891E941C6A00265895 = {
			isa = PBXGroup;
			children = (
				F5F61B941E941C6A00265895 /* RestaurantFinder */,
				F5F61B931E941C6A00265895 /* Products */,
			);
			sourceTree = "<group>";
		};
		F5F61B931E941C6A00265895 /* Products */ = {
			isa = PBXGroup;
			children = (
				F5F61B921E941C6A00265895 /* RestaurantFinder.app */,
			);
			name = Products;
			sourceTree = "<group>";
		};
		F5F61B941E941C6A00265895 /* RestaurantFinder */ = {
			isa = PBXGroup;
			children = (
				F5F61B951E941C6A00265895 /* AppDelegate.swift */,
				F5F61B971E941C6A00265895 /* ViewController.swift */,
				F5F61B991E941C6A00265895 /* Main.storyboard */,
				F5F61B9F1E941C6B00265895 /* Assets.xcassets */,
				F5F61BA11E941C6B00265895 /* LaunchScreen.storyboard */,
				F5F61BA41E941C6B00265895 /* Info.plist */,
				F5F61B9C1E941C6A00265895 /* RestaurantFinder.xcdatamodeld */,
			);
			path = RestaurantFinder;
			sourceTree = "<group>";
		};
/* End PBXGroup section */

/* Begin PBXNativeTarget section */
		F5F61B911E941C6A00265895 /* RestaurantFinder */ = {
			isa = PBXNativeTarget;
			buildConfigurationList = F5F61BA71E941C6B00265895 /* Build configuration list for PBXNativeTarget "RestaurantFinder" */;
			buildPhases = (
				F5F61B8E1E941C6A00265895 /* Sources */,
				F5F61B8F1E941C6A00265895 /* Frameworks */,
				F5F61B901E941C6A00265895 /* Resources */,
			);
			buildRules = (
			);
			dependencies = (
			);
			name = RestaurantFinder;
			productName = RestaurantFinder;
			productReference = F5F61B921E941C6A00265895 /* RestaurantFinder.app */;
			productType = "com.apple.product-type.application";
		};
/* End PBXNativeTarget section */

/* Begin PBXProject section */
		F5F61B8A1E941C6A00265895 /* Project object */ = {
			isa = PBXProject;
			attributes = {
				LastSwiftUpdateCheck = 0820;
				LastUpgradeCheck = 0820;
				ORGANIZATIONNAME = cs2680;
				TargetAttributes = {
					F5F61B911E941C6A00265895 = {
						CreatedOnToolsVersion = 8.2.1;
						ProvisioningStyle = Automatic;
					};
				};
			};
			buildConfigurationList = F5F61B8D1E941C6A00265895 /* Build configuration list for PBXProject "RestaurantFinder" */;
			compatibilityVersion = "Xcode 3.2";
			developmentRegion = English;
			hasScannedForEncodings = 0;
			knownRegions = (
				en,
				Base,
			);
			mainGroup = F5F61B891E941C6A00265895;
			productRefGroup = F5F61B931E941C6A00265895 /* Products */;
			projectDirPath = "";
			projectRoot = "";
			targets = (
				F5F61B911E941C6A00265895 /* RestaurantFinder */,
			);
		};
/* End PBXProject section */

/* Begin PBXResourcesBuildPhase section */
		F5F61B901E941C6A00265895 /* Resources */ = {
			isa = PBXResourcesBuildPhase;
			buildActionMask = 2147483647;
			files = (
				F5F61BA31E941C6B00265895 /* LaunchScreen.storyboard in Resources */,
				F5F61BA01E941C6B00265895 /* Assets.xcassets in Resources */,
				F5F61B9B1E941C6A00265895 /* Main.storyboard in Resources */,
			);
			runOnlyForDeploymentPostprocessing = 0;
		};
/* End PBXResourcesBuildPhase section */

/* Begin PBXSourcesBuildPhase section */
		F5F61B8E1E941C6A00265895 /* Sources */ = {
			isa = PBXSourcesBuildPhase;
			buildActionMask = 2147483647;
			files = (
				F5F61B9E1E941C6A00265895 /* RestaurantFinder.xcdatamodeld in Sources */,
				F5F61B981E941C6A00265895 /* ViewController.swift in Sources */,
				F5F61B961E941C6A00265895 /* AppDelegate.swift in Sources */,
			);
			runOnlyForDeploymentPostprocessing = 0;
		};
/* End PBXSourcesBuildPhase section */

/* Begin PBXVariantGroup section */
		F5F61B991E941C6A00265895 /* Main.storyboard */ = {
			isa = PBXVariantGroup;
			children = (
				F5F61B9A1E941C6A00265895 /* Base */,
			);
			name = Main.storyboard;
			sourceTree = "<group>";
		};
		F5F61BA11E941C6B00265895 /* LaunchScreen.storyboard */ = {
			isa = PBXVariantGroup;
			children = (
				F5F61BA21E941C6B00265895 /* Base */,
			);
			name = LaunchScreen.storyboard;
			sourceTree = "<group>";
		};
/* End PBXVariantGroup section */

/* Begin XCBuildConfiguration section */
		F5F61BA51E941C6B00265895 /* Debug */ = {
			isa = XCBuildConfiguration;
			buildSettings = {
				ALWAYS_SEARCH_USER_PATHS = NO;
				CLANG_ANALYZER_NONNULL = YES;
				CLANG_CXX_LANGUAGE_STANDARD = "gnu++0x";
				CLANG_CXX_LIBRARY = "libc++";
				CLANG_ENABLE_MODULES = YES;
				CLANG_ENABLE_OBJC_ARC = YES;
				CLANG_WARN_BOOL_CONVERSION = YES;
				CLANG_WARN_CONSTANT_CONVERSION = YES;
				CLANG_WARN_DIRECT_OBJC_ISA_USAGE = YES_ERROR;
				CLANG_WARN_DOCUMENTATION_COMMENTS = YES;
				CLANG_WARN_EMPTY_BODY = YES;
				CLANG_WARN_ENUM_CONVERSION = YES;
				CLANG_WARN_INFINITE_RECURSION = YES;
				CLANG_WARN_INT_CONVERSION = YES;
				CLANG_WARN_OBJC_ROOT_CLASS = YES_ERROR;
				CLANG_WARN_SUSPICIOUS_MOVE = YES;
				CLANG_WARN_UNREACHABLE_CODE = YES;
				CLANG_WARN__DUPLICATE_METHOD_MATCH = YES;
				"CODE_SIGN_IDENTITY[sdk=iphoneos*]" = "iPhone Developer";
				COPY_PHASE_STRIP = NO;
				DEBUG_INFORMATION_FORMAT = dwarf;
				ENABLE_STRICT_OBJC_MSGSEND = YES;
				ENABLE_TESTABILITY = YES;
				GCC_C_LANGUAGE_STANDARD = gnu99;
				GCC_DYNAMIC_NO_PIC = NO;
				GCC_NO_COMMON_BLOCKS = YES;
				GCC_OPTIMIZATION_LEVEL = 0;
				GCC_PREPROCESSOR_DEFINITIONS = (
					"DEBUG=1",
					"$(inherited)",
				);
				GCC_WARN_64_TO_32_BIT_CONVERSION = YES;
				GCC_WARN_ABOUT_RETURN_TYPE = YES_ERROR;
				GCC_WARN_UNDECLARED_SELECTOR = YES;
				GCC_WARN_UNINITIALIZED_AUTOS = YES_AGGRESSIVE;
				GCC_WARN_UNUSED_FUNCTION = YES;
				GCC_WARN_UNUSED_VARIABLE = YES;
				IPHONEOS_DEPLOYMENT_TARGET = 10.2;
				MTL_ENABLE_DEBUG_INFO = YES;
				ONLY_ACTIVE_ARCH = YES;
				SDKROOT = iphoneos;
				SWIFT_ACTIVE_COMPILATION_CONDITIONS = DEBUG;
				SWIFT_OPTIMIZATION_LEVEL = "-Onone";
			};
			name = Debug;
		};
		F5F61BA61E941C6B00265895 /* Release */ = {
			isa = XCBuildConfiguration;
			buildSettings = {
				ALWAYS_SEARCH_USER_PATHS = NO;
				CLANG_ANALYZER_NONNULL = YES;
				CLANG_CXX_LANGUAGE_STANDARD = "gnu++0x";
				CLANG_CXX_LIBRARY = "libc++";
				CLANG_ENABLE_MODULES = YES;
				CLANG_ENABLE_OBJC_ARC = YES;
				CLANG_WARN_BOOL_CONVERSION = YES;
				CLANG_WARN_CONSTANT_CONVERSION = YES;
				CLANG_WARN_DIRECT_OBJC_ISA_USAGE = YES_ERROR;
				CLANG_WARN_DOCUMENTATION_COMMENTS = YES;
				CLANG_WARN_EMPTY_BODY = YES;
				CLANG_WARN_ENUM_CONVERSION = YES;
				CLANG_WARN_INFINITE_RECURSION = YES;
				CLANG_WARN_INT_CONVERSION = YES;
				CLANG_WARN_OBJC_ROOT_CLASS = YES_ERROR;
				CLANG_WARN_SUSPICIOUS_MOVE = YES;
				CLANG_WARN_UNREACHABLE_CODE = YES;
				CLANG_WARN__DUPLICATE_METHOD_MATCH = YES;
				"CODE_SIGN_IDENTITY[sdk=iphoneos*]" = "iPhone Developer";
				COPY_PHASE_STRIP = NO;
				DEBUG_INFORMATION_FORMAT = "dwarf-with-dsym";
				ENABLE_NS_ASSERTIONS = NO;
				ENABLE_STRICT_OBJC_MSGSEND = YES;
				GCC_C_LANGUAGE_STANDARD = gnu99;
				GCC_NO_COMMON_BLOCKS = YES;
				GCC_WARN_64_TO_32_BIT_CONVERSION = YES;
				GCC_WARN_ABOUT_RETURN_TYPE = YES_ERROR;
				GCC_WARN_UNDECLARED_SELECTOR = YES;
				GCC_WARN_UNINITIALIZED_AUTOS = YES_AGGRESSIVE;
				GCC_WARN_UNUSED_FUNCTION = YES;
				GCC_WARN_UNUSED_VARIABLE = YES;
				IPHONEOS_DEPLOYMENT_TARGET = 10.2;
				MTL_ENABLE_DEBUG_INFO = NO;
				SDKROOT = iphoneos;
				SWIFT_OPTIMIZATION_LEVEL = "-Owholemodule";
				VALIDATE_PRODUCT = YES;
			};
			name = Release;
		};
		F5F61BA81E941C6B00265895 /* Debug */ = {
			isa = XCBuildConfiguration;
			buildSettings = {
				ASSETCATALOG_COMPILER_APPICON_NAME = AppIcon;
				INFOPLIST_FILE = RestaurantFinder/Info.plist;
				LD_RUNPATH_SEARCH_PATHS = "$(inherited) @executable_path/Frameworks";
				PRODUCT_BUNDLE_IDENTIFIER = cs2680.RestaurantFinder;
				PRODUCT_NAME = "$(TARGET_NAME)";
				SWIFT_VERSION = 3.0;
			};
			name = Debug;
		};
		F5F61BA91E941C6B00265895 /* Release */ = {
			isa = XCBuildConfiguration;
			buildSettings = {
				ASSETCATALOG_COMPILER_APPICON_NAME = AppIcon;
				INFOPLIST_FILE = RestaurantFinder/Info.plist;
				LD_RUNPATH_SEARCH_PATHS = "$(inherited) @executable_path/Frameworks";
				PRODUCT_BUNDLE_IDENTIFIER = cs2680.RestaurantFinder;
				PRODUCT_NAME = "$(TARGET_NAME)";
				SWIFT_VERSION = 3.0;
			};
			name = Release;
		};
/* End XCBuildConfiguration section */

/* Begin XCConfigurationList section */
		F5F61B8D1E941C6A00265895 /* Build configuration list for PBXProject "RestaurantFinder" */ = {
			isa = XCConfigurationList;
			buildConfigurations = (
				F5F61BA51E941C6B00265895 /* Debug */,
				F5F61BA61E941C6B00265895 /* Release */,
			);
			defaultConfigurationIsVisible = 0;
			defaultConfigurationName = Release;
		};
		F5F61BA71E941C6B00265895 /* Build configuration list for PBXNativeTarget "RestaurantFinder" */ = {
			isa = XCConfigurationList;
			buildConfigurations = (
				F5F61BA81E941C6B00265895 /* Debug */,
				F5F61BA91E941C6B00265895 /* Release */,
			);
			defaultConfigurationIsVisible = 0;
		};
/* End XCConfigurationList section */

/* Begin XCVersionGroup section */
		F5F61B9C1E941C6A00265895 /* RestaurantFinder.xcdatamodeld */ = {
			isa = XCVersionGroup;
			children = (
				F5F61B9D1E941C6A00265895 /* RestaurantFinder.xcdatamodel */,
			);
			currentVersion = F5F61B9D1E941C6A00265895 /* RestaurantFinder.xcdatamodel */;
			path = RestaurantFinder.xcdatamodeld;
			sourceTree = "<group>";
			versionGroupType = wrapper.xcdatamodel;
		};
/* End XCVersionGroup section */
	};
	rootObject = F5F61B8A1E941C6A00265895 /* Project object */;
}
